dependencies:
- name: postgresql
  repository: https://charts.bitnami.com/bitnami
  version: 11.6.26
- name: mariadb
  repository: https://charts.bitnami.com/bitnami
  version: 11.0.14
- name: redis
  repository: https://charts.bitnami.com/bitnami
  version: 16.12.3
- name: memcached
  repository: https://charts.bitnami.com/bitnami
  version: 6.3.14
- name: meilisearch
  repository: https://meilisearch.github.io/meilisearch-kubernetes
  version: 0.1.59
digest: sha256:c3d21ecc81cf2ac299b890ca35333bf55503acd2f0f2e47486579e48ef4e36b7
generated: "2023-09-30T10:49:10.907199+02:00"
